
Microsoft Visual Studio Solution File, Format Version 12.00
# Visual Studio Version 16
VisualStudioVersion = 16.0.29409.12
MinimumVisualStudioVersion = 10.0.40219.1
Project("{8BC9CEB8-8B4A-11D0-8D11-00A0C91BC942}") = "PatternRecognition", "PatternRecognition\PatternRecognition.vcxproj", "{5596F07F-985C-4B02-96FB-5968B7C5FFA2}"
EndProject
Global
	GlobalSection(SolutionConfigurationPlatforms) = preSolution
		Debug|x64 = Debug|x64
		Debug|x86 = Debug|x86
		Release|x64 = Release|x64
		Release|x86 = Release|x86
	EndGlobalSection
	GlobalSection(ProjectConfigurationPlatforms) = postSolution
		{5596F07F-985C-4B02-96FB-5968B7C5FFA2}.Debug|x64.ActiveCfg = Debug|x64
		{5596F07F-985C-4B02-96FB-5968B7C5FFA2}.Debug|x64.Build.0 = Debug|x64
		{5596F07F-985C-4B02-96FB-5968B7C5FFA2}.Debug|x86.ActiveCfg = Debug|Win32
		{5596F07F-985C-4B02-96FB-5968B7C5FFA2}.Debug|x86.Build.0 = Debug|Win32
		{5596F07F-985C-4B02-96FB-5968B7C5FFA2}.Release|x64.ActiveCfg = Release|x64
		{5596F07F-985C-4B02-96FB-5968B7C5FFA2}.Release|x64.Build.0 = Release|x64
		{5596F07F-985C-4B02-96FB-5968B7C5FFA2}.Release|x86.ActiveCfg = Release|Win32
		{5596F07F-985C-4B02-96FB-5968B7C5FFA2}.Release|x86.Build.0 = Release|Win32
	EndGlobalSection
	GlobalSection(SolutionProperties) = preSolution
		HideSolutionNode = FALSE
	EndGlobalSection
	GlobalSection(ExtensibilityGlobals) = postSolution
		SolutionGuid = {451CA946-9164-4712-98F5-083177F0CA58}
	EndGlobalSection
EndGlobal
