
Microsoft Visual Studio Solution File, Format Version 12.00
# Visual Studio Version 16
VisualStudioVersion = 16.0.29409.12
MinimumVisualStudioVersion = 10.0.40219.1
Project("{8BC9CEB8-8B4A-11D0-8D11-00A0C91BC942}") = "Queue_ExerciseBook_Page26_3_30", "Queue_ExerciseBook_Page26_3_30\Queue_ExerciseBook_Page26_3_30.vcxproj", "{E161D0FA-9933-4521-90BF-053562438559}"
EndProject
Global
	GlobalSection(SolutionConfigurationPlatforms) = preSolution
		Debug|x64 = Debug|x64
		Debug|x86 = Debug|x86
		Release|x64 = Release|x64
		Release|x86 = Release|x86
	EndGlobalSection
	GlobalSection(ProjectConfigurationPlatforms) = postSolution
		{E161D0FA-9933-4521-90BF-053562438559}.Debug|x64.ActiveCfg = Debug|x64
		{E161D0FA-9933-4521-90BF-053562438559}.Debug|x64.Build.0 = Debug|x64
		{E161D0FA-9933-4521-90BF-053562438559}.Debug|x86.ActiveCfg = Debug|Win32
		{E161D0FA-9933-4521-90BF-053562438559}.Debug|x86.Build.0 = Debug|Win32
		{E161D0FA-9933-4521-90BF-053562438559}.Release|x64.ActiveCfg = Release|x64
		{E161D0FA-9933-4521-90BF-053562438559}.Release|x64.Build.0 = Release|x64
		{E161D0FA-9933-4521-90BF-053562438559}.Release|x86.ActiveCfg = Release|Win32
		{E161D0FA-9933-4521-90BF-053562438559}.Release|x86.Build.0 = Release|Win32
	EndGlobalSection
	GlobalSection(SolutionProperties) = preSolution
		HideSolutionNode = FALSE
	EndGlobalSection
	GlobalSection(ExtensibilityGlobals) = postSolution
		SolutionGuid = {58842D58-A96A-4CAF-88D4-F579FFCBEC64}
	EndGlobalSection
EndGlobal
