
Microsoft Visual Studio Solution File, Format Version 12.00
# Visual Studio Version 16
VisualStudioVersion = 16.0.29409.12
MinimumVisualStudioVersion = 10.0.40219.1
Project("{8BC9CEB8-8B4A-11D0-8D11-00A0C91BC942}") = "Data_Structure_by_YanWeiMin", "Data_Structure_by_YanWeiMin\Data_Structure_by_YanWeiMin.vcxproj", "{0EE9DD21-DDCD-44CB-BD99-E2E96FA961B9}"
EndProject
Project("{8BC9CEB8-8B4A-11D0-8D11-00A0C91BC942}") = "DynamicLink", "DynamicLink\DynamicLink.vcxproj", "{89FEAD22-39A4-4CA6-98B3-2BC1962E9449}"
EndProject
Global
	GlobalSection(SolutionConfigurationPlatforms) = preSolution
		Debug|x64 = Debug|x64
		Debug|x86 = Debug|x86
		Release|x64 = Release|x64
		Release|x86 = Release|x86
	EndGlobalSection
	GlobalSection(ProjectConfigurationPlatforms) = postSolution
		{0EE9DD21-DDCD-44CB-BD99-E2E96FA961B9}.Debug|x64.ActiveCfg = Debug|x64
		{0EE9DD21-DDCD-44CB-BD99-E2E96FA961B9}.Debug|x64.Build.0 = Debug|x64
		{0EE9DD21-DDCD-44CB-BD99-E2E96FA961B9}.Debug|x86.ActiveCfg = Debug|Win32
		{0EE9DD21-DDCD-44CB-BD99-E2E96FA961B9}.Debug|x86.Build.0 = Debug|Win32
		{0EE9DD21-DDCD-44CB-BD99-E2E96FA961B9}.Release|x64.ActiveCfg = Release|x64
		{0EE9DD21-DDCD-44CB-BD99-E2E96FA961B9}.Release|x64.Build.0 = Release|x64
		{0EE9DD21-DDCD-44CB-BD99-E2E96FA961B9}.Release|x86.ActiveCfg = Release|Win32
		{0EE9DD21-DDCD-44CB-BD99-E2E96FA961B9}.Release|x86.Build.0 = Release|Win32
		{89FEAD22-39A4-4CA6-98B3-2BC1962E9449}.Debug|x64.ActiveCfg = Debug|x64
		{89FEAD22-39A4-4CA6-98B3-2BC1962E9449}.Debug|x64.Build.0 = Debug|x64
		{89FEAD22-39A4-4CA6-98B3-2BC1962E9449}.Debug|x86.ActiveCfg = Debug|Win32
		{89FEAD22-39A4-4CA6-98B3-2BC1962E9449}.Debug|x86.Build.0 = Debug|Win32
		{89FEAD22-39A4-4CA6-98B3-2BC1962E9449}.Release|x64.ActiveCfg = Release|x64
		{89FEAD22-39A4-4CA6-98B3-2BC1962E9449}.Release|x64.Build.0 = Release|x64
		{89FEAD22-39A4-4CA6-98B3-2BC1962E9449}.Release|x86.ActiveCfg = Release|Win32
		{89FEAD22-39A4-4CA6-98B3-2BC1962E9449}.Release|x86.Build.0 = Release|Win32
	EndGlobalSection
	GlobalSection(SolutionProperties) = preSolution
		HideSolutionNode = FALSE
	EndGlobalSection
	GlobalSection(ExtensibilityGlobals) = postSolution
		SolutionGuid = {40FAE54B-8677-4CFB-9949-F8435CACE5BC}
	EndGlobalSection
EndGlobal
